
Microsoft Visual Studio Solution File, Format Version 12.00
# Visual Studio Version 17
VisualStudioVersion = 17.1.32407.343
MinimumVisualStudioVersion = 10.0.40219.1
Project("{FAE04EC0-301F-11D3-BF4B-00C04F79EFBC}") = "Labyrinth.Generator", "src\Labyrinth.Generator\Labyrinth.Generator.csproj", "{A394A892-A865-424C-B7EB-BCAF763347B0}"
EndProject
Project("{2150E333-8FDC-42A3-9474-1A3956D46DE8}") = "src", "src", "{40854F2C-15FA-4BBF-B5A9-4EC82BDCCE70}"
EndProject
Project("{2150E333-8FDC-42A3-9474-1A3956D46DE8}") = "tests", "tests", "{4384B4FF-EDB6-411C-B716-345AE23C3A98}"
EndProject
Project("{FAE04EC0-301F-11D3-BF4B-00C04F79EFBC}") = "Labyrinth.Generator.Tests", "tests\Labyrinth.Generator.Tests\Labyrinth.Generator.Tests.csproj", "{3693B204-E0A8-458B-A953-972AEE8B2264}"
EndProject
Project("{FAE04EC0-301F-11D3-BF4B-00C04F79EFBC}") = "Labyrinth.CLI", "src\Labyrinth.CLI\Labyrinth.CLI.csproj", "{BC6FB417-29D1-44B2-A28E-7ACAFED572C5}"
EndProject
Project("{2150E333-8FDC-42A3-9474-1A3956D46DE8}") = "Solution Items", "Solution Items", "{FDFA558F-95F3-4253-87D3-98B6B3690443}"
	ProjectSection(SolutionItems) = preProject
		.editorconfig = .editorconfig
	EndProjectSection
EndProject
Global
	GlobalSection(SolutionConfigurationPlatforms) = preSolution
		Debug|Any CPU = Debug|Any CPU
		Release|Any CPU = Release|Any CPU
	EndGlobalSection
	GlobalSection(ProjectConfigurationPlatforms) = postSolution
		{A394A892-A865-424C-B7EB-BCAF763347B0}.Debug|Any CPU.ActiveCfg = Debug|Any CPU
		{A394A892-A865-424C-B7EB-BCAF763347B0}.Debug|Any CPU.Build.0 = Debug|Any CPU
		{A394A892-A865-424C-B7EB-BCAF763347B0}.Release|Any CPU.ActiveCfg = Release|Any CPU
		{A394A892-A865-424C-B7EB-BCAF763347B0}.Release|Any CPU.Build.0 = Release|Any CPU
		{3693B204-E0A8-458B-A953-972AEE8B2264}.Debug|Any CPU.ActiveCfg = Debug|Any CPU
		{3693B204-E0A8-458B-A953-972AEE8B2264}.Debug|Any CPU.Build.0 = Debug|Any CPU
		{3693B204-E0A8-458B-A953-972AEE8B2264}.Release|Any CPU.ActiveCfg = Release|Any CPU
		{3693B204-E0A8-458B-A953-972AEE8B2264}.Release|Any CPU.Build.0 = Release|Any CPU
		{BC6FB417-29D1-44B2-A28E-7ACAFED572C5}.Debug|Any CPU.ActiveCfg = Debug|Any CPU
		{BC6FB417-29D1-44B2-A28E-7ACAFED572C5}.Debug|Any CPU.Build.0 = Debug|Any CPU
		{BC6FB417-29D1-44B2-A28E-7ACAFED572C5}.Release|Any CPU.ActiveCfg = Release|Any CPU
		{BC6FB417-29D1-44B2-A28E-7ACAFED572C5}.Release|Any CPU.Build.0 = Release|Any CPU
	EndGlobalSection
	GlobalSection(SolutionProperties) = preSolution
		HideSolutionNode = FALSE
	EndGlobalSection
	GlobalSection(NestedProjects) = preSolution
		{A394A892-A865-424C-B7EB-BCAF763347B0} = {40854F2C-15FA-4BBF-B5A9-4EC82BDCCE70}
		{3693B204-E0A8-458B-A953-972AEE8B2264} = {4384B4FF-EDB6-411C-B716-345AE23C3A98}
		{BC6FB417-29D1-44B2-A28E-7ACAFED572C5} = {40854F2C-15FA-4BBF-B5A9-4EC82BDCCE70}
	EndGlobalSection
	GlobalSection(ExtensibilityGlobals) = postSolution
		SolutionGuid = {99EBDC00-5C0B-4B53-BA7F-2EC3CB6AFD93}
	EndGlobalSection
EndGlobal
